
Microsoft Visual Studio Solution File, Format Version 12.00
# Visual Studio Version 17
VisualStudioVersion = 17.10.35122.118
MinimumVisualStudioVersion = 10.0.40219.1
Project("{FAE04EC0-301F-11D3-BF4B-00C04F79EFBC}") = "HPManager.service", "HPManager.service\HPManager.service.csproj", "{9C3D5141-97C4-4156-BE39-A34D19C283E3}"
EndProject
Global
	GlobalSection(SolutionConfigurationPlatforms) = preSolution
		Debug|Any CPU = Debug|Any CPU
		Release|Any CPU = Release|Any CPU
	EndGlobalSection
	GlobalSection(ProjectConfigurationPlatforms) = postSolution
		{9C3D5141-97C4-4156-BE39-A34D19C283E3}.Debug|Any CPU.ActiveCfg = Debug|Any CPU
		{9C3D5141-97C4-4156-BE39-A34D19C283E3}.Debug|Any CPU.Build.0 = Debug|Any CPU
		{9C3D5141-97C4-4156-BE39-A34D19C283E3}.Release|Any CPU.ActiveCfg = Release|Any CPU
		{9C3D5141-97C4-4156-BE39-A34D19C283E3}.Release|Any CPU.Build.0 = Release|Any CPU
	EndGlobalSection
	GlobalSection(SolutionProperties) = preSolution
		HideSolutionNode = FALSE
	EndGlobalSection
	GlobalSection(ExtensibilityGlobals) = postSolution
		SolutionGuid = {34338AE4-E866-44FC-ADA8-C15EF57E0F4E}
	EndGlobalSection
EndGlobal
